
Microsoft Visual Studio Solution File, Format Version 12.00
# Visual Studio Version 17
VisualStudioVersion = 17.3.32825.248
MinimumVisualStudioVersion = 10.0.40219.1
Project("{FAE04EC0-301F-11D3-BF4B-00C04F79EFBC}") = "HelloApp", "HelloApp\HelloApp.csproj", "{74A4A40A-CBB9-4464-B442-231D93859CDB}"
EndProject
Global
	GlobalSection(SolutionConfigurationPlatforms) = preSolution
		Debug|Any CPU = Debug|Any CPU
		Release|Any CPU = Release|Any CPU
	EndGlobalSection
	GlobalSection(ProjectConfigurationPlatforms) = postSolution
		{74A4A40A-CBB9-4464-B442-231D93859CDB}.Debug|Any CPU.ActiveCfg = Debug|Any CPU
		{74A4A40A-CBB9-4464-B442-231D93859CDB}.Debug|Any CPU.Build.0 = Debug|Any CPU
		{74A4A40A-CBB9-4464-B442-231D93859CDB}.Release|Any CPU.ActiveCfg = Release|Any CPU
		{74A4A40A-CBB9-4464-B442-231D93859CDB}.Release|Any CPU.Build.0 = Release|Any CPU
	EndGlobalSection
	GlobalSection(SolutionProperties) = preSolution
		HideSolutionNode = FALSE
	EndGlobalSection
	GlobalSection(ExtensibilityGlobals) = postSolution
		SolutionGuid = {F808FF2D-5530-4458-A89E-B8F4894A6158}
	EndGlobalSection
EndGlobal
